PODS:
  - Analytically/Core (0.1.0)
  - Analytically/Flurry (0.1.0):
    - Analytically/Core
    - Flurry-iOS-SDK/FlurrySDK
  - Flurry-iOS-SDK/FlurrySDK (11.2.0)

DEPENDENCIES:
  - Analytically/Flurry (from `../`)

SPEC REPOS:
  trunk:
    - Flurry-iOS-SDK

EXTERNAL SOURCES:
  Analytically:
    :path: "../"

SPEC CHECKSUMS:
  Analytically: 7abc27dd4bfa9cd24e4e4e968419dab12d637455
  Flurry-iOS-SDK: 6636d30c30f12010e7c7c71d84b443416a168efc

PODFILE CHECKSUM: 37281f26b636271e468ef797a9d09c36d138c20a

COCOAPODS: 1.9.3
